
Microsoft Visual Studio Solution File, Format Version 12.00
# Visual Studio Version 16
VisualStudioVersion = 16.0.31702.278
MinimumVisualStudioVersion = 10.0.40219.1
Project("{9A19103F-16F7-4668-BE54-9A1E7A4F7556}") = "Employee", "Employee\Employee.csproj", "{FD569B40-1CE6-47F5-9CAF-820A7F4B26DA}"
EndProject
Global
	GlobalSection(SolutionConfigurationPlatforms) = preSolution
		Debug|Any CPU = Debug|Any CPU
		Release|Any CPU = Release|Any CPU
	EndGlobalSection
	GlobalSection(ProjectConfigurationPlatforms) = postSolution
		{FD569B40-1CE6-47F5-9CAF-820A7F4B26DA}.Debug|Any CPU.ActiveCfg = Debug|Any CPU
		{FD569B40-1CE6-47F5-9CAF-820A7F4B26DA}.Debug|Any CPU.Build.0 = Debug|Any CPU
		{FD569B40-1CE6-47F5-9CAF-820A7F4B26DA}.Release|Any CPU.ActiveCfg = Release|Any CPU
		{FD569B40-1CE6-47F5-9CAF-820A7F4B26DA}.Release|Any CPU.Build.0 = Release|Any CPU
	EndGlobalSection
	GlobalSection(SolutionProperties) = preSolution
		HideSolutionNode = FALSE
	EndGlobalSection
	GlobalSection(ExtensibilityGlobals) = postSolution
		SolutionGuid = {68A92AA6-6B83-4BD8-AF6F-32BE3404B3C4}
	EndGlobalSection
EndGlobal
